
Microsoft Visual Studio Solution File, Format Version 12.00
# Visual Studio 15
VisualStudioVersion = 15.0.28010.2050
MinimumVisualStudioVersion = 10.0.40219.1
Project("{9A19103F-16F7-4668-BE54-9A1E7A4F7556}") = "RepositoryRule", "Rule\RepositoryRule\RepositoryRule.csproj", "{8DC0BE3F-DBFF-4849-A05A-F22E4372D9DE}"
EndProject
Project("{9A19103F-16F7-4668-BE54-9A1E7A4F7556}") = "SQLRepository", "SQLRepository\SQLRepository\SQLRepository.csproj", "{9001BEC7-6F77-42FD-838F-1966D476E052}"
EndProject
Project("{9A19103F-16F7-4668-BE54-9A1E7A4F7556}") = "CacheRepository", "CacheRepository\CacheRepository\CacheRepository.csproj", "{92161F04-84F7-4553-9421-D02F5E37CE8E}"
EndProject
Project("{9A19103F-16F7-4668-BE54-9A1E7A4F7556}") = "MongoRepository", "MongoRepository\MongoRepository\MongoRepository.csproj", "{A3821A41-EE70-45E8-B7C1-BECDA06A3456}"
EndProject
Project("{9A19103F-16F7-4668-BE54-9A1E7A4F7556}") = "EntityRepository", "EntityRepository\EntityRepository.csproj", "{D8E4233B-A45E-4669-BC26-8E54771DACE3}"
EndProject
Project("{9A19103F-16F7-4668-BE54-9A1E7A4F7556}") = "LoggingRepository", "LoggingRepository\LoggingRepository.csproj", "{C4B20D20-8881-4165-840E-D01754009B09}"
EndProject
Project("{2150E333-8FDC-42A3-9474-1A3956D46DE8}") = "Example", "Example", "{BE5D45F4-6A1B-45C1-820C-0ECA338F14BF}"
EndProject
Project("{9A19103F-16F7-4668-BE54-9A1E7A4F7556}") = "Examples", "Examples\Examples.csproj", "{8DBF0CDC-BAAE-4E5D-9271-597146F98BC1}"
EndProject
Project("{9A19103F-16F7-4668-BE54-9A1E7A4F7556}") = "Entity", "Entity\Entity.csproj", "{FDB36009-5854-4265-9105-A4343ECE7EDE}"
EndProject
Project("{9A19103F-16F7-4668-BE54-9A1E7A4F7556}") = "ServiceList", "ServiceList\ServiceList.csproj", "{7BE21301-DF87-4D00-B214-F7999C4D6F46}"
EndProject
Project("{2150E333-8FDC-42A3-9474-1A3956D46DE8}") = "ASP", "ASP", "{CAA1B6B4-19D7-4F2A-B037-9B116CDF8957}"
EndProject
Project("{9A19103F-16F7-4668-BE54-9A1E7A4F7556}") = "GenericController", "ASP\GenericController\GenericController.csproj", "{23AA3441-A194-44F7-8C05-3EFB827D6983}"
EndProject
Project("{FAE04EC0-301F-11D3-BF4B-00C04F79EFBC}") = "RevenDbExample", "RevenDbExample\RevenDbExample.csproj", "{8E44A8E7-1B8B-4DA8-A243-9DF5E9C36EB5}"
EndProject
Project("{9A19103F-16F7-4668-BE54-9A1E7A4F7556}") = "CockroachRepository", "CockroachRepository\CockroachRepository.csproj", "{098EFD54-161D-42D4-9645-304FA500D21A}"
EndProject
Project("{9A19103F-16F7-4668-BE54-9A1E7A4F7556}") = "CockroachDb", "CockroachDb\CockroachDb.csproj", "{2CC2290F-455A-4C9A-AA00-B3D9A83068BB}"
EndProject
Project("{2150E333-8FDC-42A3-9474-1A3956D46DE8}") = "RabbitMq", "RabbitMq", "{DB636399-6E4D-4CF8-9356-3D5D0C8EDC95}"
EndProject
Global
	GlobalSection(SolutionConfigurationPlatforms) = preSolution
		Debug|Any CPU = Debug|Any CPU
		Release|Any CPU = Release|Any CPU
	EndGlobalSection
	GlobalSection(ProjectConfigurationPlatforms) = postSolution
		{8DC0BE3F-DBFF-4849-A05A-F22E4372D9DE}.Debug|Any CPU.ActiveCfg = Debug|Any CPU
		{8DC0BE3F-DBFF-4849-A05A-F22E4372D9DE}.Debug|Any CPU.Build.0 = Debug|Any CPU
		{8DC0BE3F-DBFF-4849-A05A-F22E4372D9DE}.Release|Any CPU.ActiveCfg = Release|Any CPU
		{8DC0BE3F-DBFF-4849-A05A-F22E4372D9DE}.Release|Any CPU.Build.0 = Release|Any CPU
		{9001BEC7-6F77-42FD-838F-1966D476E052}.Debug|Any CPU.ActiveCfg = Debug|Any CPU
		{9001BEC7-6F77-42FD-838F-1966D476E052}.Debug|Any CPU.Build.0 = Debug|Any CPU
		{9001BEC7-6F77-42FD-838F-1966D476E052}.Release|Any CPU.ActiveCfg = Release|Any CPU
		{9001BEC7-6F77-42FD-838F-1966D476E052}.Release|Any CPU.Build.0 = Release|Any CPU
		{92161F04-84F7-4553-9421-D02F5E37CE8E}.Debug|Any CPU.ActiveCfg = Debug|Any CPU
		{92161F04-84F7-4553-9421-D02F5E37CE8E}.Debug|Any CPU.Build.0 = Debug|Any CPU
		{92161F04-84F7-4553-9421-D02F5E37CE8E}.Release|Any CPU.ActiveCfg = Release|Any CPU
		{92161F04-84F7-4553-9421-D02F5E37CE8E}.Release|Any CPU.Build.0 = Release|Any CPU
		{A3821A41-EE70-45E8-B7C1-BECDA06A3456}.Debug|Any CPU.ActiveCfg = Debug|Any CPU
		{A3821A41-EE70-45E8-B7C1-BECDA06A3456}.Debug|Any CPU.Build.0 = Debug|Any CPU
		{A3821A41-EE70-45E8-B7C1-BECDA06A3456}.Release|Any CPU.ActiveCfg = Release|Any CPU
		{A3821A41-EE70-45E8-B7C1-BECDA06A3456}.Release|Any CPU.Build.0 = Release|Any CPU
		{D8E4233B-A45E-4669-BC26-8E54771DACE3}.Debug|Any CPU.ActiveCfg = Debug|Any CPU
		{D8E4233B-A45E-4669-BC26-8E54771DACE3}.Debug|Any CPU.Build.0 = Debug|Any CPU
		{D8E4233B-A45E-4669-BC26-8E54771DACE3}.Release|Any CPU.ActiveCfg = Release|Any CPU
		{D8E4233B-A45E-4669-BC26-8E54771DACE3}.Release|Any CPU.Build.0 = Release|Any CPU
		{C4B20D20-8881-4165-840E-D01754009B09}.Debug|Any CPU.ActiveCfg = Debug|Any CPU
		{C4B20D20-8881-4165-840E-D01754009B09}.Debug|Any CPU.Build.0 = Debug|Any CPU
		{C4B20D20-8881-4165-840E-D01754009B09}.Release|Any CPU.ActiveCfg = Release|Any CPU
		{C4B20D20-8881-4165-840E-D01754009B09}.Release|Any CPU.Build.0 = Release|Any CPU
		{8DBF0CDC-BAAE-4E5D-9271-597146F98BC1}.Debug|Any CPU.ActiveCfg = Debug|Any CPU
		{8DBF0CDC-BAAE-4E5D-9271-597146F98BC1}.Debug|Any CPU.Build.0 = Debug|Any CPU
		{8DBF0CDC-BAAE-4E5D-9271-597146F98BC1}.Release|Any CPU.ActiveCfg = Release|Any CPU
		{8DBF0CDC-BAAE-4E5D-9271-597146F98BC1}.Release|Any CPU.Build.0 = Release|Any CPU
		{FDB36009-5854-4265-9105-A4343ECE7EDE}.Debug|Any CPU.ActiveCfg = Debug|Any CPU
		{FDB36009-5854-4265-9105-A4343ECE7EDE}.Debug|Any CPU.Build.0 = Debug|Any CPU
		{FDB36009-5854-4265-9105-A4343ECE7EDE}.Release|Any CPU.ActiveCfg = Release|Any CPU
		{FDB36009-5854-4265-9105-A4343ECE7EDE}.Release|Any CPU.Build.0 = Release|Any CPU
		{7BE21301-DF87-4D00-B214-F7999C4D6F46}.Debug|Any CPU.ActiveCfg = Debug|Any CPU
		{7BE21301-DF87-4D00-B214-F7999C4D6F46}.Debug|Any CPU.Build.0 = Debug|Any CPU
		{7BE21301-DF87-4D00-B214-F7999C4D6F46}.Release|Any CPU.ActiveCfg = Release|Any CPU
		{7BE21301-DF87-4D00-B214-F7999C4D6F46}.Release|Any CPU.Build.0 = Release|Any CPU
		{23AA3441-A194-44F7-8C05-3EFB827D6983}.Debug|Any CPU.ActiveCfg = Debug|Any CPU
		{23AA3441-A194-44F7-8C05-3EFB827D6983}.Debug|Any CPU.Build.0 = Debug|Any CPU
		{23AA3441-A194-44F7-8C05-3EFB827D6983}.Release|Any CPU.ActiveCfg = Release|Any CPU
		{23AA3441-A194-44F7-8C05-3EFB827D6983}.Release|Any CPU.Build.0 = Release|Any CPU
		{098EFD54-161D-42D4-9645-304FA500D21A}.Debug|Any CPU.ActiveCfg = Debug|Any CPU
		{098EFD54-161D-42D4-9645-304FA500D21A}.Debug|Any CPU.Build.0 = Debug|Any CPU
		{098EFD54-161D-42D4-9645-304FA500D21A}.Release|Any CPU.ActiveCfg = Release|Any CPU
		{098EFD54-161D-42D4-9645-304FA500D21A}.Release|Any CPU.Build.0 = Release|Any CPU
		{2CC2290F-455A-4C9A-AA00-B3D9A83068BB}.Debug|Any CPU.ActiveCfg = Debug|Any CPU
		{2CC2290F-455A-4C9A-AA00-B3D9A83068BB}.Debug|Any CPU.Build.0 = Debug|Any CPU
		{2CC2290F-455A-4C9A-AA00-B3D9A83068BB}.Release|Any CPU.ActiveCfg = Release|Any CPU
		{2CC2290F-455A-4C9A-AA00-B3D9A83068BB}.Release|Any CPU.Build.0 = Release|Any CPU
	EndGlobalSection
	GlobalSection(SolutionProperties) = preSolution
		HideSolutionNode = FALSE
	EndGlobalSection
	GlobalSection(NestedProjects) = preSolution
		{8DBF0CDC-BAAE-4E5D-9271-597146F98BC1} = {BE5D45F4-6A1B-45C1-820C-0ECA338F14BF}
		{FDB36009-5854-4265-9105-A4343ECE7EDE} = {BE5D45F4-6A1B-45C1-820C-0ECA338F14BF}
		{7BE21301-DF87-4D00-B214-F7999C4D6F46} = {BE5D45F4-6A1B-45C1-820C-0ECA338F14BF}
		{23AA3441-A194-44F7-8C05-3EFB827D6983} = {CAA1B6B4-19D7-4F2A-B037-9B116CDF8957}
		{2CC2290F-455A-4C9A-AA00-B3D9A83068BB} = {BE5D45F4-6A1B-45C1-820C-0ECA338F14BF}
	EndGlobalSection
	GlobalSection(ExtensibilityGlobals) = postSolution
		SolutionGuid = {5856CBE3-69F0-47C1-B709-0FA9D1B8771B}
	EndGlobalSection
EndGlobal
