
Microsoft Visual Studio Solution File, Format Version 12.00
# Visual Studio 15
VisualStudioVersion = 15.0.28010.2050
MinimumVisualStudioVersion = 10.0.40219.1
Project("{FAE04EC0-301F-11D3-BF4B-00C04F79EFBC}") = "RepositoryRule", "Rule\RepositoryRule\RepositoryRule.csproj", "{8DC0BE3F-DBFF-4849-A05A-F22E4372D9DE}"
EndProject
Project("{FAE04EC0-301F-11D3-BF4B-00C04F79EFBC}") = "SQLRepository", "SQLRepository\SQLRepository\SQLRepository.csproj", "{9001BEC7-6F77-42FD-838F-1966D476E052}"
EndProject
Global
	GlobalSection(SolutionConfigurationPlatforms) = preSolution
		Debug|Any CPU = Debug|Any CPU
		Release|Any CPU = Release|Any CPU
	EndGlobalSection
	GlobalSection(ProjectConfigurationPlatforms) = postSolution
		{8DC0BE3F-DBFF-4849-A05A-F22E4372D9DE}.Debug|Any CPU.ActiveCfg = Debug|Any CPU
		{8DC0BE3F-DBFF-4849-A05A-F22E4372D9DE}.Debug|Any CPU.Build.0 = Debug|Any CPU
		{8DC0BE3F-DBFF-4849-A05A-F22E4372D9DE}.Release|Any CPU.ActiveCfg = Release|Any CPU
		{8DC0BE3F-DBFF-4849-A05A-F22E4372D9DE}.Release|Any CPU.Build.0 = Release|Any CPU
		{9001BEC7-6F77-42FD-838F-1966D476E052}.Debug|Any CPU.ActiveCfg = Debug|Any CPU
		{9001BEC7-6F77-42FD-838F-1966D476E052}.Debug|Any CPU.Build.0 = Debug|Any CPU
		{9001BEC7-6F77-42FD-838F-1966D476E052}.Release|Any CPU.ActiveCfg = Release|Any CPU
		{9001BEC7-6F77-42FD-838F-1966D476E052}.Release|Any CPU.Build.0 = Release|Any CPU
	EndGlobalSection
	GlobalSection(SolutionProperties) = preSolution
		HideSolutionNode = FALSE
	EndGlobalSection
	GlobalSection(ExtensibilityGlobals) = postSolution
		SolutionGuid = {5856CBE3-69F0-47C1-B709-0FA9D1B8771B}
	EndGlobalSection
EndGlobal
